
Microsoft Visual Studio Solution File, Format Version 12.00
# Visual Studio Version 16
VisualStudioVersion = 16.0.30717.126
MinimumVisualStudioVersion = 10.0.40219.1
Project("{2150E333-8FDC-42A3-9474-1A3956D46DE8}") = "Solution Items", "Solution Items", "{46FB246E-CF40-4388-835A-C9A896938E58}"
	ProjectSection(SolutionItems) = preProject
		.gitattributes = .gitattributes
		.gitignore = .gitignore
		DeltaCompressionDotNet.runsettings = DeltaCompressionDotNet.runsettings
		README.md = README.md
	EndProjectSection
EndProject
Project("{FAE04EC0-301F-11D3-BF4B-00C04F79EFBC}") = "DeltaCompressionDotNet", "DeltaCompressionDotNet\DeltaCompressionDotNet.csproj", "{14A778A4-0F47-48A1-9861-C7284A6B5271}"
EndProject
Project("{FAE04EC0-301F-11D3-BF4B-00C04F79EFBC}") = "DeltaCompressionDotNet.Tests", "DeltaCompressionDotNet.Tests\DeltaCompressionDotNet.Tests.csproj", "{170D1B88-7488-45D2-A879-202DAFE9847F}"
EndProject
Global
	GlobalSection(SolutionConfigurationPlatforms) = preSolution
		Debug|Any CPU = Debug|Any CPU
		Release|Any CPU = Release|Any CPU
	EndGlobalSection
	GlobalSection(ProjectConfigurationPlatforms) = postSolution
		{14A778A4-0F47-48A1-9861-C7284A6B5271}.Debug|Any CPU.ActiveCfg = Debug|Any CPU
		{14A778A4-0F47-48A1-9861-C7284A6B5271}.Debug|Any CPU.Build.0 = Debug|Any CPU
		{14A778A4-0F47-48A1-9861-C7284A6B5271}.Release|Any CPU.ActiveCfg = Release|Any CPU
		{14A778A4-0F47-48A1-9861-C7284A6B5271}.Release|Any CPU.Build.0 = Release|Any CPU
		{170D1B88-7488-45D2-A879-202DAFE9847F}.Debug|Any CPU.ActiveCfg = Debug|Any CPU
		{170D1B88-7488-45D2-A879-202DAFE9847F}.Debug|Any CPU.Build.0 = Debug|Any CPU
		{170D1B88-7488-45D2-A879-202DAFE9847F}.Release|Any CPU.ActiveCfg = Release|Any CPU
		{170D1B88-7488-45D2-A879-202DAFE9847F}.Release|Any CPU.Build.0 = Release|Any CPU
	EndGlobalSection
	GlobalSection(SolutionProperties) = preSolution
		HideSolutionNode = FALSE
	EndGlobalSection
	GlobalSection(ExtensibilityGlobals) = postSolution
		SolutionGuid = {964E8AF5-A41C-473D-8DDB-CB81B33FBC68}
	EndGlobalSection
EndGlobal
